
Microsoft Visual Studio Solution File, Format Version 12.00
# Visual Studio 2013
VisualStudioVersion = 12.0.31101.0
MinimumVisualStudioVersion = 10.0.40219.1
Project("{FAE04EC0-301F-11D3-BF4B-00C04F79EFBC}") = "Blog", "Blog\Blog.csproj", "{7F0D0AFF-70BF-453F-8A41-D0CB9EA068EC}"
EndProject
Project("{FAE04EC0-301F-11D3-BF4B-00C04F79EFBC}") = "Blog.Core", "Blog.Core\Blog.Core.csproj", "{7745C634-60A5-4522-9B6B-10289EE1AEF3}"
EndProject
Project("{2150E333-8FDC-42A3-9474-1A3956D46DE8}") = ".nuget", ".nuget", "{B4206917-9658-415B-A56F-07134C4A0A97}"
	ProjectSection(SolutionItems) = preProject
		.nuget\NuGet.Config = .nuget\NuGet.Config
		.nuget\NuGet.exe = .nuget\NuGet.exe
		.nuget\NuGet.targets = .nuget\NuGet.targets
	EndProjectSection
EndProject
Project("{FAE04EC0-301F-11D3-BF4B-00C04F79EFBC}") = "Blog.ExternalLibraries", "Blog.ExternalLibraries\Blog.ExternalLibraries.csproj", "{0C959F29-C2DB-4698-B2D2-18814D4167ED}"
EndProject
Global
	GlobalSection(SolutionConfigurationPlatforms) = preSolution
		Debug|Any CPU = Debug|Any CPU
		Release|Any CPU = Release|Any CPU
	EndGlobalSection
	GlobalSection(ProjectConfigurationPlatforms) = postSolution
		{7F0D0AFF-70BF-453F-8A41-D0CB9EA068EC}.Debug|Any CPU.ActiveCfg = Debug|Any CPU
		{7F0D0AFF-70BF-453F-8A41-D0CB9EA068EC}.Debug|Any CPU.Build.0 = Debug|Any CPU
		{7F0D0AFF-70BF-453F-8A41-D0CB9EA068EC}.Release|Any CPU.ActiveCfg = Release|Any CPU
		{7F0D0AFF-70BF-453F-8A41-D0CB9EA068EC}.Release|Any CPU.Build.0 = Release|Any CPU
		{7745C634-60A5-4522-9B6B-10289EE1AEF3}.Debug|Any CPU.ActiveCfg = Debug|Any CPU
		{7745C634-60A5-4522-9B6B-10289EE1AEF3}.Debug|Any CPU.Build.0 = Debug|Any CPU
		{7745C634-60A5-4522-9B6B-10289EE1AEF3}.Release|Any CPU.ActiveCfg = Release|Any CPU
		{7745C634-60A5-4522-9B6B-10289EE1AEF3}.Release|Any CPU.Build.0 = Release|Any CPU
		{0C959F29-C2DB-4698-B2D2-18814D4167ED}.Debug|Any CPU.ActiveCfg = Debug|Any CPU
		{0C959F29-C2DB-4698-B2D2-18814D4167ED}.Debug|Any CPU.Build.0 = Debug|Any CPU
		{0C959F29-C2DB-4698-B2D2-18814D4167ED}.Release|Any CPU.ActiveCfg = Release|Any CPU
		{0C959F29-C2DB-4698-B2D2-18814D4167ED}.Release|Any CPU.Build.0 = Release|Any CPU
	EndGlobalSection
	GlobalSection(SolutionProperties) = preSolution
		HideSolutionNode = FALSE
	EndGlobalSection
EndGlobal
